
Microsoft Visual Studio Solution File, Format Version 12.00
# Visual Studio Version 16
VisualStudioVersion = 16.0.28621.142
MinimumVisualStudioVersion = 10.0.40219.1
Project("{2150E333-8FDC-42A3-9474-1A3956D46DE8}") = "Bots", "Bots", "{1FA20770-BE4C-4B15-A991-CA3713E03EFB}"
EndProject
Project("{2150E333-8FDC-42A3-9474-1A3956D46DE8}") = "Programs", "Programs", "{ACF57A74-72C8-4F14-BBF5-8B5005E9A95C}"
EndProject
Project("{FAE04EC0-301F-11D3-BF4B-00C04F79EFBC}") = "BotProgram", "BotProgram\BotProgram.csproj", "{F0AE7880-3DDA-45ED-AE9C-41952F5DA689}"
EndProject
Project("{FAE04EC0-301F-11D3-BF4B-00C04F79EFBC}") = "AFKBot", "Bots\AFKBot\AFKBot.csproj", "{01568F54-5BB8-48A9-815F-566BCF525C99}"
EndProject
Project("{FAE04EC0-301F-11D3-BF4B-00C04F79EFBC}") = "BotTools", "BotTools\BotTools.csproj", "{BC11E7F1-73CC-424A-AE60-AE72C2E60606}"
EndProject
Project("{FAE04EC0-301F-11D3-BF4B-00C04F79EFBC}") = "AFKBotProgram", "Programs\AFKBotProgram\AFKBotProgram.csproj", "{6EF7B936-B4E8-43E3-B848-2754261B148B}"
EndProject
Project("{FAE04EC0-301F-11D3-BF4B-00C04F79EFBC}") = "KeyBotProgram", "Programs\KeyBotProgram\KeyBotProgram.csproj", "{54B22692-2907-4072-9E30-0575B9D2BF75}"
EndProject
Project("{FAE04EC0-301F-11D3-BF4B-00C04F79EFBC}") = "KeyBot", "Bots\KeyBot\KeyBot.csproj", "{BFBC81DF-C738-4D65-AC34-67CEA0301BB0}"
EndProject
Project("{FAE04EC0-301F-11D3-BF4B-00C04F79EFBC}") = "BotDataExtracter", "BotDataExtracter\BotDataExtracter.csproj", "{2A07C70C-212C-4C54-9794-616D832918E6}"
EndProject
Project("{2150E333-8FDC-42A3-9474-1A3956D46DE8}") = "Run", "Run", "{2D95B7D7-0104-43D1-831D-805747286535}"
EndProject
Project("{FAE04EC0-301F-11D3-BF4B-00C04F79EFBC}") = "RunLocalBot", "Run\RunLocalBot\RunLocalBot.csproj", "{F68F570B-3001-498E-B5FB-18D708ABF59B}"
EndProject
Project("{FAE04EC0-301F-11D3-BF4B-00C04F79EFBC}") = "RunAFKBot", "Run\RunAFKBot\RunAFKBot.csproj", "{0C7B6F48-A1E0-4F6C-A06F-99CDFD3B365E}"
EndProject
Project("{FAE04EC0-301F-11D3-BF4B-00C04F79EFBC}") = "RunMultiBot", "Run\RunMultiBot\RunMultiBot.csproj", "{2118487B-AA2B-4DD9-A57F-A75C1F9B587E}"
EndProject
Project("{FAE04EC0-301F-11D3-BF4B-00C04F79EFBC}") = "MultiBot", "Bots\MultiBot\MultiBot.csproj", "{78E3AE87-5F9C-4A0E-BF13-567A3DCF27AB}"
EndProject
Project("{FAE04EC0-301F-11D3-BF4B-00C04F79EFBC}") = "MultiBotProgram", "Programs\MultiBotProgram\MultiBotProgram.csproj", "{36BAA42A-6E0B-4EFC-80B7-76FACE442B0B}"
EndProject
Project("{FAE04EC0-301F-11D3-BF4B-00C04F79EFBC}") = "LocalBot", "Bots\LocalBot\LocalBot.csproj", "{67E7A0C8-461B-4F1D-B832-516592C13E64}"
EndProject
Project("{FAE04EC0-301F-11D3-BF4B-00C04F79EFBC}") = "LocalBotProgram", "Programs\LocalBotProgram\LocalBotProgram.csproj", "{BAE9D034-7BE2-4BE5-BD26-6E0FB6057062}"
EndProject
Project("{2150E333-8FDC-42A3-9474-1A3956D46DE8}") = "Tools", "Tools", "{A90AE2EB-141E-422A-8006-541250D7791F}"
EndProject
Project("{9A19103F-16F7-4668-BE54-9A1E7A4F7556}") = "Nekusasu", "Tools\Nekusasu\Nekusasu.csproj", "{971DC81D-B36A-4DC9-A0FA-29A529BA4E07}"
EndProject
Project("{9A19103F-16F7-4668-BE54-9A1E7A4F7556}") = "Rekishi", "Tools\Rekishi\Rekishi.csproj", "{2DCD8F1E-6A91-4E86-9897-49DD0436FCD9}"
EndProject
Project("{9A19103F-16F7-4668-BE54-9A1E7A4F7556}") = "Shio", "Tools\Shio\Shio.csproj", "{7212678A-FB9F-4D66-8104-50EF4F8BDCE4}"
EndProject
Project("{9A19103F-16F7-4668-BE54-9A1E7A4F7556}") = "Kakusu", "Tools\Kakusu\Kakusu.csproj", "{3B0B6038-F2C9-4DB1-BEBB-02505BA9B405}"
EndProject
Project("{FAE04EC0-301F-11D3-BF4B-00C04F79EFBC}") = "BotCore", "BotCore\BotCore.csproj", "{E9C7E016-6F1D-4F9A-8EEB-D05893C4092F}"
EndProject
Global
	GlobalSection(SolutionConfigurationPlatforms) = preSolution
		Debug|Any CPU = Debug|Any CPU
		Release|Any CPU = Release|Any CPU
	EndGlobalSection
	GlobalSection(ProjectConfigurationPlatforms) = postSolution
		{F0AE7880-3DDA-45ED-AE9C-41952F5DA689}.Debug|Any CPU.ActiveCfg = Debug|Any CPU
		{F0AE7880-3DDA-45ED-AE9C-41952F5DA689}.Debug|Any CPU.Build.0 = Debug|Any CPU
		{F0AE7880-3DDA-45ED-AE9C-41952F5DA689}.Release|Any CPU.ActiveCfg = Release|Any CPU
		{F0AE7880-3DDA-45ED-AE9C-41952F5DA689}.Release|Any CPU.Build.0 = Release|Any CPU
		{01568F54-5BB8-48A9-815F-566BCF525C99}.Debug|Any CPU.ActiveCfg = Debug|Any CPU
		{01568F54-5BB8-48A9-815F-566BCF525C99}.Debug|Any CPU.Build.0 = Debug|Any CPU
		{01568F54-5BB8-48A9-815F-566BCF525C99}.Release|Any CPU.ActiveCfg = Release|Any CPU
		{01568F54-5BB8-48A9-815F-566BCF525C99}.Release|Any CPU.Build.0 = Release|Any CPU
		{BC11E7F1-73CC-424A-AE60-AE72C2E60606}.Debug|Any CPU.ActiveCfg = Debug|Any CPU
		{BC11E7F1-73CC-424A-AE60-AE72C2E60606}.Debug|Any CPU.Build.0 = Debug|Any CPU
		{BC11E7F1-73CC-424A-AE60-AE72C2E60606}.Release|Any CPU.ActiveCfg = Release|Any CPU
		{BC11E7F1-73CC-424A-AE60-AE72C2E60606}.Release|Any CPU.Build.0 = Release|Any CPU
		{6EF7B936-B4E8-43E3-B848-2754261B148B}.Debug|Any CPU.ActiveCfg = Debug|Any CPU
		{6EF7B936-B4E8-43E3-B848-2754261B148B}.Debug|Any CPU.Build.0 = Debug|Any CPU
		{6EF7B936-B4E8-43E3-B848-2754261B148B}.Release|Any CPU.ActiveCfg = Release|Any CPU
		{6EF7B936-B4E8-43E3-B848-2754261B148B}.Release|Any CPU.Build.0 = Release|Any CPU
		{54B22692-2907-4072-9E30-0575B9D2BF75}.Debug|Any CPU.ActiveCfg = Debug|Any CPU
		{54B22692-2907-4072-9E30-0575B9D2BF75}.Debug|Any CPU.Build.0 = Debug|Any CPU
		{54B22692-2907-4072-9E30-0575B9D2BF75}.Release|Any CPU.ActiveCfg = Release|Any CPU
		{54B22692-2907-4072-9E30-0575B9D2BF75}.Release|Any CPU.Build.0 = Release|Any CPU
		{BFBC81DF-C738-4D65-AC34-67CEA0301BB0}.Debug|Any CPU.ActiveCfg = Debug|Any CPU
		{BFBC81DF-C738-4D65-AC34-67CEA0301BB0}.Debug|Any CPU.Build.0 = Debug|Any CPU
		{BFBC81DF-C738-4D65-AC34-67CEA0301BB0}.Release|Any CPU.ActiveCfg = Release|Any CPU
		{BFBC81DF-C738-4D65-AC34-67CEA0301BB0}.Release|Any CPU.Build.0 = Release|Any CPU
		{2A07C70C-212C-4C54-9794-616D832918E6}.Debug|Any CPU.ActiveCfg = Debug|Any CPU
		{2A07C70C-212C-4C54-9794-616D832918E6}.Debug|Any CPU.Build.0 = Debug|Any CPU
		{2A07C70C-212C-4C54-9794-616D832918E6}.Release|Any CPU.ActiveCfg = Release|Any CPU
		{2A07C70C-212C-4C54-9794-616D832918E6}.Release|Any CPU.Build.0 = Release|Any CPU
		{F68F570B-3001-498E-B5FB-18D708ABF59B}.Debug|Any CPU.ActiveCfg = Debug|Any CPU
		{F68F570B-3001-498E-B5FB-18D708ABF59B}.Debug|Any CPU.Build.0 = Debug|Any CPU
		{F68F570B-3001-498E-B5FB-18D708ABF59B}.Release|Any CPU.ActiveCfg = Release|Any CPU
		{F68F570B-3001-498E-B5FB-18D708ABF59B}.Release|Any CPU.Build.0 = Release|Any CPU
		{0C7B6F48-A1E0-4F6C-A06F-99CDFD3B365E}.Debug|Any CPU.ActiveCfg = Debug|Any CPU
		{0C7B6F48-A1E0-4F6C-A06F-99CDFD3B365E}.Debug|Any CPU.Build.0 = Debug|Any CPU
		{0C7B6F48-A1E0-4F6C-A06F-99CDFD3B365E}.Release|Any CPU.ActiveCfg = Release|Any CPU
		{0C7B6F48-A1E0-4F6C-A06F-99CDFD3B365E}.Release|Any CPU.Build.0 = Release|Any CPU
		{2118487B-AA2B-4DD9-A57F-A75C1F9B587E}.Debug|Any CPU.ActiveCfg = Debug|Any CPU
		{2118487B-AA2B-4DD9-A57F-A75C1F9B587E}.Debug|Any CPU.Build.0 = Debug|Any CPU
		{2118487B-AA2B-4DD9-A57F-A75C1F9B587E}.Release|Any CPU.ActiveCfg = Release|Any CPU
		{2118487B-AA2B-4DD9-A57F-A75C1F9B587E}.Release|Any CPU.Build.0 = Release|Any CPU
		{78E3AE87-5F9C-4A0E-BF13-567A3DCF27AB}.Debug|Any CPU.ActiveCfg = Debug|Any CPU
		{78E3AE87-5F9C-4A0E-BF13-567A3DCF27AB}.Debug|Any CPU.Build.0 = Debug|Any CPU
		{78E3AE87-5F9C-4A0E-BF13-567A3DCF27AB}.Release|Any CPU.ActiveCfg = Release|Any CPU
		{78E3AE87-5F9C-4A0E-BF13-567A3DCF27AB}.Release|Any CPU.Build.0 = Release|Any CPU
		{36BAA42A-6E0B-4EFC-80B7-76FACE442B0B}.Debug|Any CPU.ActiveCfg = Debug|Any CPU
		{36BAA42A-6E0B-4EFC-80B7-76FACE442B0B}.Debug|Any CPU.Build.0 = Debug|Any CPU
		{36BAA42A-6E0B-4EFC-80B7-76FACE442B0B}.Release|Any CPU.ActiveCfg = Release|Any CPU
		{36BAA42A-6E0B-4EFC-80B7-76FACE442B0B}.Release|Any CPU.Build.0 = Release|Any CPU
		{67E7A0C8-461B-4F1D-B832-516592C13E64}.Debug|Any CPU.ActiveCfg = Debug|Any CPU
		{67E7A0C8-461B-4F1D-B832-516592C13E64}.Debug|Any CPU.Build.0 = Debug|Any CPU
		{67E7A0C8-461B-4F1D-B832-516592C13E64}.Release|Any CPU.ActiveCfg = Release|Any CPU
		{67E7A0C8-461B-4F1D-B832-516592C13E64}.Release|Any CPU.Build.0 = Release|Any CPU
		{BAE9D034-7BE2-4BE5-BD26-6E0FB6057062}.Debug|Any CPU.ActiveCfg = Debug|Any CPU
		{BAE9D034-7BE2-4BE5-BD26-6E0FB6057062}.Debug|Any CPU.Build.0 = Debug|Any CPU
		{BAE9D034-7BE2-4BE5-BD26-6E0FB6057062}.Release|Any CPU.ActiveCfg = Release|Any CPU
		{BAE9D034-7BE2-4BE5-BD26-6E0FB6057062}.Release|Any CPU.Build.0 = Release|Any CPU
		{971DC81D-B36A-4DC9-A0FA-29A529BA4E07}.Debug|Any CPU.ActiveCfg = Debug|Any CPU
		{971DC81D-B36A-4DC9-A0FA-29A529BA4E07}.Debug|Any CPU.Build.0 = Debug|Any CPU
		{971DC81D-B36A-4DC9-A0FA-29A529BA4E07}.Release|Any CPU.ActiveCfg = Release|Any CPU
		{971DC81D-B36A-4DC9-A0FA-29A529BA4E07}.Release|Any CPU.Build.0 = Release|Any CPU
		{2DCD8F1E-6A91-4E86-9897-49DD0436FCD9}.Debug|Any CPU.ActiveCfg = Debug|Any CPU
		{2DCD8F1E-6A91-4E86-9897-49DD0436FCD9}.Debug|Any CPU.Build.0 = Debug|Any CPU
		{2DCD8F1E-6A91-4E86-9897-49DD0436FCD9}.Release|Any CPU.ActiveCfg = Release|Any CPU
		{2DCD8F1E-6A91-4E86-9897-49DD0436FCD9}.Release|Any CPU.Build.0 = Release|Any CPU
		{7212678A-FB9F-4D66-8104-50EF4F8BDCE4}.Debug|Any CPU.ActiveCfg = Debug|Any CPU
		{7212678A-FB9F-4D66-8104-50EF4F8BDCE4}.Debug|Any CPU.Build.0 = Debug|Any CPU
		{7212678A-FB9F-4D66-8104-50EF4F8BDCE4}.Release|Any CPU.ActiveCfg = Release|Any CPU
		{7212678A-FB9F-4D66-8104-50EF4F8BDCE4}.Release|Any CPU.Build.0 = Release|Any CPU
		{3B0B6038-F2C9-4DB1-BEBB-02505BA9B405}.Debug|Any CPU.ActiveCfg = Debug|Any CPU
		{3B0B6038-F2C9-4DB1-BEBB-02505BA9B405}.Debug|Any CPU.Build.0 = Debug|Any CPU
		{3B0B6038-F2C9-4DB1-BEBB-02505BA9B405}.Release|Any CPU.ActiveCfg = Release|Any CPU
		{3B0B6038-F2C9-4DB1-BEBB-02505BA9B405}.Release|Any CPU.Build.0 = Release|Any CPU
		{E9C7E016-6F1D-4F9A-8EEB-D05893C4092F}.Debug|Any CPU.ActiveCfg = Debug|Any CPU
		{E9C7E016-6F1D-4F9A-8EEB-D05893C4092F}.Debug|Any CPU.Build.0 = Debug|Any CPU
		{E9C7E016-6F1D-4F9A-8EEB-D05893C4092F}.Release|Any CPU.ActiveCfg = Release|Any CPU
		{E9C7E016-6F1D-4F9A-8EEB-D05893C4092F}.Release|Any CPU.Build.0 = Release|Any CPU
	EndGlobalSection
	GlobalSection(SolutionProperties) = preSolution
		HideSolutionNode = FALSE
	EndGlobalSection
	GlobalSection(NestedProjects) = preSolution
		{01568F54-5BB8-48A9-815F-566BCF525C99} = {1FA20770-BE4C-4B15-A991-CA3713E03EFB}
		{6EF7B936-B4E8-43E3-B848-2754261B148B} = {ACF57A74-72C8-4F14-BBF5-8B5005E9A95C}
		{54B22692-2907-4072-9E30-0575B9D2BF75} = {ACF57A74-72C8-4F14-BBF5-8B5005E9A95C}
		{BFBC81DF-C738-4D65-AC34-67CEA0301BB0} = {1FA20770-BE4C-4B15-A991-CA3713E03EFB}
		{F68F570B-3001-498E-B5FB-18D708ABF59B} = {2D95B7D7-0104-43D1-831D-805747286535}
		{0C7B6F48-A1E0-4F6C-A06F-99CDFD3B365E} = {2D95B7D7-0104-43D1-831D-805747286535}
		{2118487B-AA2B-4DD9-A57F-A75C1F9B587E} = {2D95B7D7-0104-43D1-831D-805747286535}
		{78E3AE87-5F9C-4A0E-BF13-567A3DCF27AB} = {1FA20770-BE4C-4B15-A991-CA3713E03EFB}
		{36BAA42A-6E0B-4EFC-80B7-76FACE442B0B} = {ACF57A74-72C8-4F14-BBF5-8B5005E9A95C}
		{67E7A0C8-461B-4F1D-B832-516592C13E64} = {1FA20770-BE4C-4B15-A991-CA3713E03EFB}
		{BAE9D034-7BE2-4BE5-BD26-6E0FB6057062} = {ACF57A74-72C8-4F14-BBF5-8B5005E9A95C}
		{971DC81D-B36A-4DC9-A0FA-29A529BA4E07} = {A90AE2EB-141E-422A-8006-541250D7791F}
		{2DCD8F1E-6A91-4E86-9897-49DD0436FCD9} = {A90AE2EB-141E-422A-8006-541250D7791F}
		{7212678A-FB9F-4D66-8104-50EF4F8BDCE4} = {A90AE2EB-141E-422A-8006-541250D7791F}
		{3B0B6038-F2C9-4DB1-BEBB-02505BA9B405} = {A90AE2EB-141E-422A-8006-541250D7791F}
	EndGlobalSection
	GlobalSection(ExtensibilityGlobals) = postSolution
		SolutionGuid = {51EF7D1C-0471-4076-9AA4-09361E7B7ECE}
	EndGlobalSection
EndGlobal
